
Microsoft Visual Studio Solution File, Format Version 12.00
Project("{FAE04EC0-301F-11D3-BF4B-00C04F79EFBC}") = "CloudCustomers.API", "CloudCustomers.API\CloudCustomers.API.csproj", "{746F31C9-AD91-4C62-B872-9DD4036AF8EB}"
EndProject
Project("{FAE04EC0-301F-11D3-BF4B-00C04F79EFBC}") = "CloudCustomer.UnitTests", "CloudCustomer.UnitTests\CloudCustomer.UnitTests.csproj", "{ADCA36AA-EB07-47A0-991F-E3B1454F6ECE}"
EndProject
Global
	GlobalSection(SolutionConfigurationPlatforms) = preSolution
		Debug|Any CPU = Debug|Any CPU
		Release|Any CPU = Release|Any CPU
	EndGlobalSection
	GlobalSection(ProjectConfigurationPlatforms) = postSolution
		{746F31C9-AD91-4C62-B872-9DD4036AF8EB}.Debug|Any CPU.ActiveCfg = Debug|Any CPU
		{746F31C9-AD91-4C62-B872-9DD4036AF8EB}.Debug|Any CPU.Build.0 = Debug|Any CPU
		{746F31C9-AD91-4C62-B872-9DD4036AF8EB}.Release|Any CPU.ActiveCfg = Release|Any CPU
		{746F31C9-AD91-4C62-B872-9DD4036AF8EB}.Release|Any CPU.Build.0 = Release|Any CPU
		{ADCA36AA-EB07-47A0-991F-E3B1454F6ECE}.Debug|Any CPU.ActiveCfg = Debug|Any CPU
		{ADCA36AA-EB07-47A0-991F-E3B1454F6ECE}.Debug|Any CPU.Build.0 = Debug|Any CPU
		{ADCA36AA-EB07-47A0-991F-E3B1454F6ECE}.Release|Any CPU.ActiveCfg = Release|Any CPU
		{ADCA36AA-EB07-47A0-991F-E3B1454F6ECE}.Release|Any CPU.Build.0 = Release|Any CPU
	EndGlobalSection
EndGlobal
